
Microsoft Visual Studio Solution File, Format Version 12.00
# Visual Studio Version 17
VisualStudioVersion = 17.13.35931.197 d17.13
MinimumVisualStudioVersion = 10.0.40219.1
Project("{FAE04EC0-301F-11D3-BF4B-00C04F79EFBC}") = "GestionDesDépenses", "GestionDesDépenses.csproj", "{2D57B06E-5F6F-5424-CED3-F01642596363}"
EndProject
Global
	GlobalSection(SolutionConfigurationPlatforms) = preSolution
		Debug|Any CPU = Debug|Any CPU
		Release|Any CPU = Release|Any CPU
	EndGlobalSection
	GlobalSection(ProjectConfigurationPlatforms) = postSolution
		{2D57B06E-5F6F-5424-CED3-F01642596363}.Debug|Any CPU.ActiveCfg = Debug|Any CPU
		{2D57B06E-5F6F-5424-CED3-F01642596363}.Debug|Any CPU.Build.0 = Debug|Any CPU
		{2D57B06E-5F6F-5424-CED3-F01642596363}.Release|Any CPU.ActiveCfg = Release|Any CPU
		{2D57B06E-5F6F-5424-CED3-F01642596363}.Release|Any CPU.Build.0 = Release|Any CPU
	EndGlobalSection
	GlobalSection(SolutionProperties) = preSolution
		HideSolutionNode = FALSE
	EndGlobalSection
	GlobalSection(ExtensibilityGlobals) = postSolution
		SolutionGuid = {96D8B6ED-307C-45CF-BC84-EF8778E08FF6}
	EndGlobalSection
EndGlobal
